version = 1
revision = 3
requires-python = ">=3.14"

[[package]]
name = "boto3"
version = "1.43.63"
source = { registry = "https://pypi.org/simple" }
dependencies = [
    { name = "botocore" },
    { name = "jmespath" },
    { name = "s3transfer" },
]
sdist = { url = "https://files.pythonhosted.org/packages/4a/b7/3fdd53534170ef7d99d1707071e57ea0aeb0dec84ed0206d31e8c78f54d7/boto3-1.43.63.tar.gz", hash = "sha256:647c0f0b59710ce12a49323382bb5ece1b4e02199c736d19d555330dca7e947f", size = 112658, upload-time = "2026-08-03T19:55:05.178Z" }
wheels = [
    { url = "https://files.pythonhosted.org/packages/a6/57/a91420a14ef26fe52fc0706b5af21c00b2e4ff1c57b0c4272370c9b80399/boto3-1.43.63-py3-none-any.whl", hash = "sha256:859a8d1c50505a5cefb8629790dd34602ddb85bfd7ea5d34a362ab1793513636", size = 140024, upload-time = "2026-08-03T19:55:03.4Z" },
]

[[package]]
name = "botocore"
version = "1.43.63"
source = { registry = "https://pypi.org/simple" }
dependencies = [
    { name = "jmespath" },
    { name = "python-dateutil" },
    { name = "urllib3" },
]
sdist = { url = "https://files.pythonhosted.org/packages/e1/5f/b33913aab846bc88a2720976435adb944d1ef57b92beed829233fe1953d9/botocore-1.43.63.tar.gz", hash = "sha256:854e45247f00b0732496ea1f0c5d0cf3c31d58b48eb052c31c27ab1087dfddf1", size = 15824662, upload-time = "2026-08-03T19:54:55.233Z" }
wheels = [
    { url = "https://files.pythonhosted.org/packages/23/ae/8ddbf97a12fba9b6ce50ac1c2209ebd2ab3b240229a1fbe5de66ffcbd05f/botocore-1.43.63-py3-none-any.whl", hash = "sha256:8deed86feacc8f8d2491f1d170562af191f8b33924052d834f4217d5d797e5a9", size = 15509076, upload-time = "2026-08-03T19:54:52.455Z" },
]

[[package]]
name = "botocore-stubs"
version = "1.43.14"
source = { registry = "https://pypi.org/simple" }
dependencies = [
    { name = "types-awscrt" },
]
sdist = { url = "https://files.pythonhosted.org/packages/7f/81/79693e833291c00dc89ee610e5e915381b6f08233912e28df50106840780/botocore_stubs-1.43.14.tar.gz", hash = "sha256:9e3bc1fdd51da7473f0df726c82747a1b0ae913449d629659765c247fecc2039", size = 42738, upload-time = "2026-05-25T06:06:37.484Z" }
wheels = [
    { url = "https://files.pythonhosted.org/packages/89/ca/f017727b11895908c5dedc829cf2ec35e0c4b2a26ba875db325fef2cefdf/botocore_stubs-1.43.14-py3-none-any.whl", hash = "sha256:fb98f1475c92fd718644e786b5c543a20f1b1f610e89e0a7191c3f1f429c75aa", size = 67093, upload-time = "2026-05-25T06:06:34.532Z" },
]

[[package]]
name = "colorama"
version = "0.4.6"
source = { registry = "https://pypi.org/simple" }
sdist = { url = "https://files.pythonhosted.org/packages/d8/53/6f443c9a4a8358a93a6792e2acffb9d9d5cb0a5cfd8802644b7b1c9a02e4/colorama-0.4.6.tar.gz", hash = "sha256:08695f5cb7ed6e0531a20572697297273c47b8cae5a63ffc6d6ed5c201be6e44", size = 27697, upload-time = "2022-10-25T02:36:22.414Z" }
wheels = [
    { url = "https://files.pythonhosted.org/packages/d1/d6/3965ed04c63042e047cb6a3e6ed1a63a35087b6a609aa3a15ed8ac56c221/colorama-0.4.6-py2.py3-none-any.whl", hash = "sha256:4f1d9991f5acc0ca119f9d443620b77f9d6b33703e51011c16baf57afb285fc6", size = 25335, upload-time = "2022-10-25T02:36:20.889Z" },
]

[[package]]
name = "iniconfig"
version = "2.3.0"
source = { registry = "https://pypi.org/simple" }
sdist = { url = "https://files.pythonhosted.org/packages/72/34/14ca021ce8e5dfedc35312d08ba8bf51fdd999c576889fc2c24cb97f4f10/iniconfig-2.3.0.tar.gz", hash = "sha256:c76315c77db068650d49c5b56314774a7804df16fee4402c1f19d6d15d8c4730", size = 20503, upload-time = "2025-10-18T21:55:43.219Z" }
wheels = [
    { url = "https://files.pythonhosted.org/packages/cb/b1/3846dd7f199d53cb17f49cba7e651e9ce294d8497c8c150530ed11865bb8/iniconfig-2.3.0-py3-none-any.whl", hash = "sha256:f631c04d2c48c52b84d0d0549c99ff3859c98df65b3101406327ecc7d53fbf12", size = 7484, upload-time = "2025-10-18T21:55:41.639Z" },
]

[[package]]
name = "jmespath"
version = "1.1.0"
source = { registry = "https://pypi.org/simple" }
sdist = { url = "https://files.pythonhosted.org/packages/d3/59/322338183ecda247fb5d1763a6cbe46eff7222eaeebafd9fa65d4bf5cb11/jmespath-1.1.0.tar.gz", hash = "sha256:472c87d80f36026ae83c6ddd0f1d05d4e510134ed462851fd5f754c8c3cbb88d", size = 27377, upload-time = "2026-01-22T16:35:26.279Z" }
wheels = [
    { url = "https://files.pythonhosted.org/packages/14/2f/967ba146e6d58cf6a652da73885f52fc68001525b4197effc174321d70b4/jmespath-1.1.0-py3-none-any.whl", hash = "sha256:a5663118de4908c91729bea0acadca56526eb2698e83de10cd116ae0f4e97c64", size = 20419, upload-time = "2026-01-22T16:35:24.919Z" },
]

[[package]]
name = "mystocks-data-collector"
version = "0.1.0"
source = { editable = "." }
dependencies = [
    { name = "boto3" },
    { name = "types-boto3", extra = ["essential"] },
]

[package.dev-dependencies]
dev = [
    { name = "pytest" },
    { name = "python-dotenv" },
]

[package.metadata]
requires-dist = [
    { name = "boto3", specifier = ">=1.43.63" },
    { name = "types-boto3", extras = ["essential"], specifier = ">=1.43.63" },
]

[package.metadata.requires-dev]
dev = [
    { name = "pytest", specifier = ">=9.1.1" },
    { name = "python-dotenv", specifier = ">=1.2.2" },
]

[[package]]
name = "packaging"
version = "26.2"
source = { registry = "https://pypi.org/simple" }
sdist = { url = "https://files.pythonhosted.org/packages/d7/f1/e7a6dd94a8d4a5626c03e4e99c87f241ba9e350cd9e6d75123f992427270/packaging-26.2.tar.gz", hash = "sha256:ff452ff5a3e828ce110190feff1178bb1f2ea2281fa2075aadb987c2fb221661", size = 228134, upload-time = "2026-04-24T20:15:23.917Z" }
wheels = [
    { url = "https://files.pythonhosted.org/packages/df/b2/87e62e8c3e2f4b32e5fe99e0b86d576da1312593b39f47d8ceef365e95ed/packaging-26.2-py3-none-any.whl", hash = "sha256:5fc45236b9446107ff2415ce77c807cee2862cb6fac22b8a73826d0693b0980e", size = 100195, upload-time = "2026-04-24T20:15:22.081Z" },
]

[[package]]
name = "pluggy"
version = "1.6.0"
source = { registry = "https://pypi.org/simple" }
sdist = { url = "https://files.pythonhosted.org/packages/f9/e2/3e91f31a7d2b083fe6ef3fa267035b518369d9511ffab804f839851d2779/pluggy-1.6.0.tar.gz", hash = "sha256:7dcc130b76258d33b90f61b658791dede3486c3e6bfb003ee5c9bfb396dd22f3", size = 69412, upload-time = "2025-05-15T12:30:07.975Z" }
wheels = [
    { url = "https://files.pythonhosted.org/packages/54/20/4d324d65cc6d9205fabedc306948156824eb9f0ee1633355a8f7ec5c66bf/pluggy-1.6.0-py3-none-any.whl", hash = "sha256:e920276dd6813095e9377c0bc5566d94c932c33b27a3e3945d8389c374dd4746", size = 20538, upload-time = "2025-05-15T12:30:06.134Z" },
]

[[package]]
name = "pygments"
version = "2.20.0"
source = { registry = "https://pypi.org/simple" }
sdist = { url = "https://files.pythonhosted.org/packages/c3/b2/bc9c9196916376152d655522fdcebac55e66de6603a76a02bca1b6414f6c/pygments-2.20.0.tar.gz", hash = "sha256:6757cd03768053ff99f3039c1a36d6c0aa0b263438fcab17520b30a303a82b5f", size = 4955991, upload-time = "2026-03-29T13:29:33.898Z" }
wheels = [
    { url = "https://files.pythonhosted.org/packages/f4/7e/a72dd26f3b0f4f2bf1dd8923c85f7ceb43172af56d63c7383eb62b332364/pygments-2.20.0-py3-none-any.whl", hash = "sha256:81a9e26dd42fd28a23a2d169d86d7ac03b46e2f8b59ed4698fb4785f946d0176", size = 1231151, upload-time = "2026-03-29T13:29:30.038Z" },
]

[[package]]
name = "pytest"
version = "9.1.1"
source = { registry = "https://pypi.org/simple" }
dependencies = [
    { name = "colorama", marker = "sys_platform == 'win32'" },
    { name = "iniconfig" },
    { name = "packaging" },
    { name = "pluggy" },
    { name = "pygments" },
]
sdist = { url = "https://files.pythonhosted.org/packages/e4/47/b9efed96c114afcfa3c9d3fe98a76a1d14c74a9e266d397cf6eb64be5e01/pytest-9.1.1.tar.gz", hash = "sha256:1088fbde8f2b49d95a549a195707afa7a76a3ce9bcadc26b6d71f0ffda5fe313", size = 1636369, upload-time = "2026-06-19T10:58:32.857Z" }
wheels = [
    { url = "https://files.pythonhosted.org/packages/24/25/1de2678b631f5a49215c6c96fff41ba892b0a34df68d6d80292b1b48aa7f/pytest-9.1.1-py3-none-any.whl", hash = "sha256:37a86b45efb9a47a61a36449063e8e18d0cab3161329fc099eb21783169c4f0c", size = 386536, upload-time = "2026-06-19T10:58:31.347Z" },
]

[[package]]
name = "python-dateutil"
version = "2.9.0.post0"
source = { registry = "https://pypi.org/simple" }
dependencies = [
    { name = "six" },
]
sdist = { url = "https://files.pythonhosted.org/packages/66/c0/0c8b6ad9f17a802ee498c46e004a0eb49bc148f2fd230864601a86dcf6db/python-dateutil-2.9.0.post0.tar.gz", hash = "sha256:37dd54208da7e1cd875388217d5e00ebd4179249f90fb72437e91a35459a0ad3", size = 342432, upload-time = "2024-03-01T18:36:20.211Z" }
wheels = [
    { url = "https://files.pythonhosted.org/packages/ec/57/56b9bcc3c9c6a792fcbaf139543cee77261f3651ca9da0c93f5c1221264b/python_dateutil-2.9.0.post0-py2.py3-none-any.whl", hash = "sha256:a8b2bc7bffae282281c8140a97d3aa9c14da0b136dfe83f850eea9a5f7470427", size = 229892, upload-time = "2024-03-01T18:36:18.57Z" },
]

[[package]]
name = "python-dotenv"
version = "1.2.2"
source = { registry = "https://pypi.org/simple" }
sdist = { url = "https://files.pythonhosted.org/packages/82/ed/0301aeeac3e5353ef3d94b6ec08bbcabd04a72018415dcb29e588514bba8/python_dotenv-1.2.2.tar.gz", hash = "sha256:2c371a91fbd7ba082c2c1dc1f8bf89ca22564a087c2c287cd9b662adde799cf3", size = 50135, upload-time = "2026-03-01T16:00:26.196Z" }
wheels = [
    { url = "https://files.pythonhosted.org/packages/0b/d7/1959b9648791274998a9c3526f6d0ec8fd2233e4d4acce81bbae76b44b2a/python_dotenv-1.2.2-py3-none-any.whl", hash = "sha256:1d8214789a24de455a8b8bd8ae6fe3c6b69a5e3d64aa8a8e5d68e694bbcb285a", size = 22101, upload-time = "2026-03-01T16:00:25.09Z" },
]

[[package]]
name = "s3transfer"
version = "0.19.2"
source = { registry = "https://pypi.org/simple" }
dependencies = [
    { name = "botocore" },
]
sdist = { url = "https://files.pythonhosted.org/packages/76/43/35e4d8aa320bffe8287fe8f65f578fa2d2db0a64212f0e710dce58267854/s3transfer-0.19.2.tar.gz", hash = "sha256:ba0309fd86be3c27dbf78cdd813c13c5e1df16e5874b99d2535ebbdfb9892993", size = 165592, upload-time = "2026-07-22T19:30:44.432Z" }
wheels = [
    { url = "https://files.pythonhosted.org/packages/bc/e7/5c595c75e9f41a44f30e526eda465ea0b4eec93470e074e4a111b253f13a/s3transfer-0.19.2-py3-none-any.whl", hash = "sha256:d8168eccca828cbb2cd573675333f3bddd254313a9c42494b84c76b539e8ba25", size = 90216, upload-time = "2026-07-22T19:30:43.251Z" },
]

[[package]]
name = "six"
version = "1.17.0"
source = { registry = "https://pypi.org/simple" }
sdist = { url = "https://files.pythonhosted.org/packages/94/e7/b2c673351809dca68a0e064b6af791aa332cf192da575fd474ed7d6f16a2/six-1.17.0.tar.gz", hash = "sha256:ff70335d468e7eb6ec65b95b99d3a2836546063f63acc5171de367e834932a81", size = 34031, upload-time = "2024-12-04T17:35:28.174Z" }
wheels = [
    { url = "https://files.pythonhosted.org/packages/b7/ce/149a00dd41f10bc29e5921b496af8b574d8413afcd5e30dfa0ed46c2cc5e/six-1.17.0-py2.py3-none-any.whl", hash = "sha256:4721f391ed90541fddacab5acf947aa0d3dc7d27b2e1e8eda2be8970586c3274", size = 11050, upload-time = "2024-12-04T17:35:26.475Z" },
]

[[package]]
name = "types-awscrt"
version = "0.34.1"
source = { registry = "https://pypi.org/simple" }
sdist = { url = "https://files.pythonhosted.org/packages/3e/59/44409a8fc06b444ab1a6f71dcb29d49a6e17e02424345eb51b051bebb345/types_awscrt-0.34.1.tar.gz", hash = "sha256:559aa04250f6a419a617dfb788f3e10903aaf74700ef23e521b64a411b83b803", size = 19062, upload-time = "2026-06-05T04:40:10.689Z" }
wheels = [
    { url = "https://files.pythonhosted.org/packages/e4/b1/214b12162b452ed6acd230065e6c587cde6b96871e3ce6d653f40888f8df/types_awscrt-0.34.1-py3-none-any.whl", hash = "sha256:20c752b6031544d8f694803c35174aee129f1be5ddf886ae46d22f7ffd9b7d75", size = 45688, upload-time = "2026-06-05T04:40:09.198Z" },
]

[[package]]
name = "types-boto3"
version = "1.43.63"
source = { registry = "https://pypi.org/simple" }
dependencies = [
    { name = "botocore-stubs" },
    { name = "types-s3transfer" },
]
sdist = { url = "https://files.pythonhosted.org/packages/be/d1/86f6464b9f7d6d35b3be38c4fe448a4a54dbc687706c830f7053e721b140/types_boto3-1.43.63.tar.gz", hash = "sha256:56156b93c7c58281dcc0631180d045952101329e6ec6ff6ce8d62968dae4e36c", size = 103771, upload-time = "2026-08-03T19:59:29.67Z" }
wheels = [
    { url = "https://files.pythonhosted.org/packages/a3/a2/be6982c4c75e09ce71284406e6c01a6270502dd33f6a54fcb74415fa0613/types_boto3-1.43.63-py3-none-any.whl", hash = "sha256:94b82572ee4c1f2aa0f6cfa22dc77cb2930caaf948ac295049ca8f7e0d506a91", size = 70988, upload-time = "2026-08-03T19:59:25.682Z" },
]

[package.optional-dependencies]
essential = [
    { name = "types-boto3-cloudformation" },
    { name = "types-boto3-dynamodb" },
    { name = "types-boto3-ec2" },
    { name = "types-boto3-lambda" },
    { name = "types-boto3-rds" },
    { name = "types-boto3-s3" },
    { name = "types-boto3-sqs" },
]

[[package]]
name = "types-boto3-cloudformation"
version = "1.43.62"
source = { registry = "https://pypi.org/simple" }
sdist = { url = "https://files.pythonhosted.org/packages/5d/8c/8938f63de3a75d61877906c8c39d2066597b193809cc0b26275ec505a27b/types_boto3_cloudformation-1.43.62.tar.gz", hash = "sha256:3f5770c3ac2e39636ab4ad4cb1b172a8683b649036df302bd86677c19f75aab3", size = 61121, upload-time = "2026-07-31T19:54:09.364Z" }
wheels = [
    { url = "https://files.pythonhosted.org/packages/81/ea/75ffe6a5513650446c7577db23a2a6cd3ea271c64f2d233fcb9682fe220a/types_boto3_cloudformation-1.43.62-py3-none-any.whl", hash = "sha256:34231d1a4ea7e9f8ff5bbba89de592594b3035ded610ab051dca81db238a2851", size = 72263, upload-time = "2026-07-31T19:54:07.39Z" },
]

[[package]]
name = "types-boto3-dynamodb"
version = "1.43.0"
source = { registry = "https://pypi.org/simple" }
sdist = { url = "https://files.pythonhosted.org/packages/e7/1b/11231924e7768322fb2ea37c5cf286d76223a75e89e582fc93e68b5cde71/types_boto3_dynamodb-1.43.0.tar.gz", hash = "sha256:f7d31a6dd97ac9e5b67a97fb78b45cae2314a7f930f1ffe9c35a8e356e4c542c", size = 48556, upload-time = "2026-04-29T23:01:30.842Z" }
wheels = [
    { url = "https://files.pythonhosted.org/packages/10/12/c4a029defcb3f824a80e27a0a32225d29bb8cae7463dc96f9c834a3292a1/types_boto3_dynamodb-1.43.0-py3-none-any.whl", hash = "sha256:e7b18093e90bc6ebe1c3ad4a8cf877f12eedff7d50781cbe623ddce9c4c287fc", size = 58653, upload-time = "2026-04-29T23:01:28.344Z" },
]

[[package]]
name = "types-boto3-ec2"
version = "1.43.59"
source = { registry = "https://pypi.org/simple" }
sdist = { url = "https://files.pythonhosted.org/packages/72/30/347889256a8d9caca6329f49802102d80f141066da045b9cfe4a051ebe07/types_boto3_ec2-1.43.59.tar.gz", hash = "sha256:6be7581b10de3a097f6bae39e823624d596d3939aa7127c6433664a3c76d1dea", size = 452981, upload-time = "2026-07-29T19:55:16.352Z" }
wheels = [
    { url = "https://files.pythonhosted.org/packages/d3/06/cc8ba9063956518b2c6ed53a5c620eaba121f7019a4c919208b82bca4c77/types_boto3_ec2-1.43.59-py3-none-any.whl", hash = "sha256:80d304f3ee6a8d428626acf256c0decff966cfb6ccedaf42bc0c277608e17fad", size = 441279, upload-time = "2026-07-29T19:55:13.503Z" },
]

[[package]]
name = "types-boto3-lambda"
version = "1.43.60"
source = { registry = "https://pypi.org/simple" }
sdist = { url = "https://files.pythonhosted.org/packages/87/79/44f5bae7d535145b99d501e76bd3f2b3aa1996c98633c931b3e3eb498e2f/types_boto3_lambda-1.43.60.tar.gz", hash = "sha256:afc7c3f8e2856bc9c2c1a1d63545d904c3640290ebad4e5f7fad1aa5df6dff96", size = 52444, upload-time = "2026-07-30T20:10:58.559Z" }
wheels = [
    { url = "https://files.pythonhosted.org/packages/cd/7e/d3fc7f1783148a8bfdc445a2521ece939a6f357a14b39c35a73fbab1c5ab/types_boto3_lambda-1.43.60-py3-none-any.whl", hash = "sha256:35191560e9d1c62e794429a3920c564373cc662500af2bb92e7a98e3b85938d1", size = 60909, upload-time = "2026-07-30T20:10:56.818Z" },
]

[[package]]
name = "types-boto3-rds"
version = "1.43.62"
source = { registry = "https://pypi.org/simple" }
sdist = { url = "https://files.pythonhosted.org/packages/2e/29/4b627a37f39cda162220b2b0bfa65693c5402a854c6f8bf545b6eb71091a/types_boto3_rds-1.43.62.tar.gz", hash = "sha256:b3f155ca53289f668b4996c7beac2d279dd61ad42ace8ad3496b5054ca72039c", size = 87133, upload-time = "2026-07-31T19:54:21.283Z" }
wheels = [
    { url = "https://files.pythonhosted.org/packages/0b/de/932e67d6b703fbc6e2560dc579948aa1f1852bd61ea47032c23556213a93/types_boto3_rds-1.43.62-py3-none-any.whl", hash = "sha256:ab18e498ec829eacb0e1c2ccf2b66e53d307b14b35e416236ffe4b493ebdeffd", size = 94184, upload-time = "2026-07-31T19:54:19.381Z" },
]

[[package]]
name = "types-boto3-s3"
version = "1.43.50"
source = { registry = "https://pypi.org/simple" }
sdist = { url = "https://files.pythonhosted.org/packages/b5/b0/c44b0ef40cb0a6fa898ec40f218e65888779d2eba6230152c7f5823ff182/types_boto3_s3-1.43.50.tar.gz", hash = "sha256:9037c7203ad27ebaf84f191688bbac9d0cdf36207c57c7eef7cd8fd71b0b12ce", size = 78625, upload-time = "2026-07-16T19:56:19.769Z" }
wheels = [
    { url = "https://files.pythonhosted.org/packages/4a/b9/f1b4e1ec2cc705dc4bd7839a35801e0397963fae08ff130c9f780d4dea4e/types_boto3_s3-1.43.50-py3-none-any.whl", hash = "sha256:b2a3231aec1bd0e2ba0521c57a541a0cafae0bbb1f97538f382745b4db45cda6", size = 86005, upload-time = "2026-07-16T19:56:17.549Z" },
]

[[package]]
name = "types-boto3-sqs"
version = "1.43.0"
source = { registry = "https://pypi.org/simple" }
sdist = { url = "https://files.pythonhosted.org/packages/79/be/353e9d04a06a48227af527d7e1da5c580f562b87d8b400532e8fe4eac498/types_boto3_sqs-1.43.0.tar.gz", hash = "sha256:a699170d774fb5dfab8d7881e02f102e07706cbfc44874825d4d6ddee77edf61", size = 23183, upload-time = "2026-04-29T23:07:09.111Z" }
wheels = [
    { url = "https://files.pythonhosted.org/packages/39/c6/6e7daea77680793a1410f134869008f8199ef3c3277c1d6144460cbfd536/types_boto3_sqs-1.43.0-py3-none-any.whl", hash = "sha256:c23e43a13822208d26a946c991ebf9b4ba7194dec5b5537fd4eb850a2a5c25a7", size = 33398, upload-time = "2026-04-29T23:07:06.97Z" },
]

[[package]]
name = "types-s3transfer"
version = "0.16.0"
source = { registry = "https://pypi.org/simple" }
sdist = { url = "https://files.pythonhosted.org/packages/fe/64/42689150509eb3e6e82b33ee3d89045de1592488842ddf23c56957786d05/types_s3transfer-0.16.0.tar.gz", hash = "sha256:b4636472024c5e2b62278c5b759661efeb52a81851cde5f092f24100b1ecb443", size = 13557, upload-time = "2025-12-08T08:13:09.928Z" }
wheels = [
    { url = "https://files.pythonhosted.org/packages/98/27/e88220fe6274eccd3bdf95d9382918716d312f6f6cef6a46332d1ee2feff/types_s3transfer-0.16.0-py3-none-any.whl", hash = "sha256:1c0cd111ecf6e21437cb410f5cddb631bfb2263b77ad973e79b9c6d0cb24e0ef", size = 19247, upload-time = "2025-12-08T08:13:08.426Z" },
]

[[package]]
name = "urllib3"
version = "2.7.0"
source = { registry = "https://pypi.org/simple" }
sdist = { url = "https://files.pythonhosted.org/packages/53/0c/06f8b233b8fd13b9e5ee11424ef85419ba0d8ba0b3138bf360be2ff56953/urllib3-2.7.0.tar.gz", hash = "sha256:231e0ec3b63ceb14667c67be60f2f2c40a518cb38b03af60abc813da26505f4c", size = 433602, upload-time = "2026-05-07T16:13:18.596Z" }
wheels = [
    { url = "https://files.pythonhosted.org/packages/7f/3e/5db95bcf282c52709639744ca2a8b149baccf648e39c8cc87553df9eae0c/urllib3-2.7.0-py3-none-any.whl", hash = "sha256:9fb4c81ebbb1ce9531cce37674bbc6f1360472bc18ca9a553ede278ef7276897", size = 131087, upload-time = "2026-05-07T16:13:17.151Z" },
]
